
Microsoft Visual Studio Solution File, Format Version 12.00
# Visual Studio 15
VisualStudioVersion = 15.0.28307.106
MinimumVisualStudioVersion = 10.0.40219.1
Project("{FAE04EC0-301F-11D3-BF4B-00C04F79EFBC}") = "Distance", "distance\Distance.csproj", "{078363C3-73BC-40B7-A092-84A9151C9EAF}"
EndProject
Project("{2150E333-8FDC-42A3-9474-1A3956D46DE8}") = "Files", "Files", "{965E2556-E61B-4F1F-AB41-6EB975C63852}"
	ProjectSection(SolutionItems) = preProject
		.gitignore = .gitignore
		locations.csv = locations.csv
		readme.md = readme.md
	EndProjectSection
EndProject
Project("{FAE04EC0-301F-11D3-BF4B-00C04F79EFBC}") = "Distance.Tests", "Distance.Tests\Distance.Tests.csproj", "{BA42E6DE-6D55-403B-B1BA-86F086B8AEB2}"
EndProject
Project("{00D1A9C2-B5F0-4AF3-8072-F6C62B433612}") = "Distance.SqlDb", "Distance.SqlDb\Distance.SqlDb.sqlproj", "{3DB400AB-BBEC-4169-B18F-1628A7AC6922}"
EndProject
Project("{FAE04EC0-301F-11D3-BF4B-00C04F79EFBC}") = "Distance.CLI", "Distance.CLI\Distance.CLI.csproj", "{943D8B84-3DA3-4A39-920F-94025ECD7F68}"
EndProject
Global
	GlobalSection(SolutionConfigurationPlatforms) = preSolution
		Debug|Any CPU = Debug|Any CPU
		Release|Any CPU = Release|Any CPU
	EndGlobalSection
	GlobalSection(ProjectConfigurationPlatforms) = postSolution
		{078363C3-73BC-40B7-A092-84A9151C9EAF}.Debug|Any CPU.ActiveCfg = Debug|Any CPU
		{078363C3-73BC-40B7-A092-84A9151C9EAF}.Debug|Any CPU.Build.0 = Debug|Any CPU
		{078363C3-73BC-40B7-A092-84A9151C9EAF}.Release|Any CPU.ActiveCfg = Release|Any CPU
		{078363C3-73BC-40B7-A092-84A9151C9EAF}.Release|Any CPU.Build.0 = Release|Any CPU
		{BA42E6DE-6D55-403B-B1BA-86F086B8AEB2}.Debug|Any CPU.ActiveCfg = Debug|Any CPU
		{BA42E6DE-6D55-403B-B1BA-86F086B8AEB2}.Debug|Any CPU.Build.0 = Debug|Any CPU
		{BA42E6DE-6D55-403B-B1BA-86F086B8AEB2}.Release|Any CPU.ActiveCfg = Release|Any CPU
		{BA42E6DE-6D55-403B-B1BA-86F086B8AEB2}.Release|Any CPU.Build.0 = Release|Any CPU
		{3DB400AB-BBEC-4169-B18F-1628A7AC6922}.Debug|Any CPU.ActiveCfg = Debug|Any CPU
		{3DB400AB-BBEC-4169-B18F-1628A7AC6922}.Debug|Any CPU.Build.0 = Debug|Any CPU
		{3DB400AB-BBEC-4169-B18F-1628A7AC6922}.Debug|Any CPU.Deploy.0 = Debug|Any CPU
		{3DB400AB-BBEC-4169-B18F-1628A7AC6922}.Release|Any CPU.ActiveCfg = Release|Any CPU
		{3DB400AB-BBEC-4169-B18F-1628A7AC6922}.Release|Any CPU.Build.0 = Release|Any CPU
		{3DB400AB-BBEC-4169-B18F-1628A7AC6922}.Release|Any CPU.Deploy.0 = Release|Any CPU
		{943D8B84-3DA3-4A39-920F-94025ECD7F68}.Debug|Any CPU.ActiveCfg = Debug|Any CPU
		{943D8B84-3DA3-4A39-920F-94025ECD7F68}.Debug|Any CPU.Build.0 = Debug|Any CPU
		{943D8B84-3DA3-4A39-920F-94025ECD7F68}.Release|Any CPU.ActiveCfg = Release|Any CPU
		{943D8B84-3DA3-4A39-920F-94025ECD7F68}.Release|Any CPU.Build.0 = Release|Any CPU
	EndGlobalSection
	GlobalSection(SolutionProperties) = preSolution
		HideSolutionNode = FALSE
	EndGlobalSection
	GlobalSection(ExtensibilityGlobals) = postSolution
		SolutionGuid = {07B955B0-6979-4B27-9524-B4136CAC44C9}
	EndGlobalSection
EndGlobal
